{
  "requires": true,
  "lockfileVersion": 1,
  "dependencies": {
    "galleria": {
      "version": "1.5.7",
      "resolved": "https://registry.npmjs.org/galleria/-/galleria-1.5.7.tgz",
      "integrity": "sha1-/9wHmx3dASxxgcydSaVna8zizeY=",
      "requires": {
        "jquery": ">=1.9.0"
      }
    },
    "jquery": {
      "version": "3.3.1",
      "resolved": "https://registry.npmjs.org/jquery/-/jquery-3.3.1.tgz",
      "integrity": "sha512-Ubldcmxp5np52/ENotGxlLe6aGMvmF4R8S6tZjsP6Knsaxd/xp3Zrh50cG93lR6nPXyUFwzN3ZSOQI0wRJNdGg=="
    }
  }
}
